
Microsoft Visual Studio Solution File, Format Version 12.00
# Visual Studio Version 16
VisualStudioVersion = 16.0.31624.102
MinimumVisualStudioVersion = 10.0.40219.1
Project("{FAE04EC0-301F-11D3-BF4B-00C04F79EFBC}") = "encryptinon test", "encryptinon test\encryptinon test.csproj", "{C5D5F3CC-191C-405C-81D0-67C5C2FAD807}"
EndProject
Global
	GlobalSection(SolutionConfigurationPlatforms) = preSolution
		Debug|Any CPU = Debug|Any CPU
		Release|Any CPU = Release|Any CPU
	EndGlobalSection
	GlobalSection(ProjectConfigurationPlatforms) = postSolution
		{C5D5F3CC-191C-405C-81D0-67C5C2FAD807}.Debug|Any CPU.ActiveCfg = Debug|Any CPU
		{C5D5F3CC-191C-405C-81D0-67C5C2FAD807}.Debug|Any CPU.Build.0 = Debug|Any CPU
		{C5D5F3CC-191C-405C-81D0-67C5C2FAD807}.Release|Any CPU.ActiveCfg = Release|Any CPU
		{C5D5F3CC-191C-405C-81D0-67C5C2FAD807}.Release|Any CPU.Build.0 = Release|Any CPU
	EndGlobalSection
	GlobalSection(SolutionProperties) = preSolution
		HideSolutionNode = FALSE
	EndGlobalSection
	GlobalSection(ExtensibilityGlobals) = postSolution
		SolutionGuid = {B0E5DA9B-BB42-4311-BFF4-AF46B6517583}
	EndGlobalSection
EndGlobal
