
Microsoft Visual Studio Solution File, Format Version 12.00
# Visual Studio Version 17
VisualStudioVersion = 17.7.34031.279
MinimumVisualStudioVersion = 10.0.40219.1
Project("{9A19103F-16F7-4668-BE54-9A1E7A4F7556}") = "encryption_function", "encryption_function.csproj", "{D1C46DE2-73C6-4166-819B-2EAB93E85E29}"
EndProject
Global
	GlobalSection(SolutionConfigurationPlatforms) = preSolution
		Debug|Any CPU = Debug|Any CPU
		Release|Any CPU = Release|Any CPU
	EndGlobalSection
	GlobalSection(ProjectConfigurationPlatforms) = postSolution
		{D1C46DE2-73C6-4166-819B-2EAB93E85E29}.Debug|Any CPU.ActiveCfg = Debug|Any CPU
		{D1C46DE2-73C6-4166-819B-2EAB93E85E29}.Debug|Any CPU.Build.0 = Debug|Any CPU
		{D1C46DE2-73C6-4166-819B-2EAB93E85E29}.Release|Any CPU.ActiveCfg = Release|Any CPU
		{D1C46DE2-73C6-4166-819B-2EAB93E85E29}.Release|Any CPU.Build.0 = Release|Any CPU
	EndGlobalSection
	GlobalSection(SolutionProperties) = preSolution
		HideSolutionNode = FALSE
	EndGlobalSection
	GlobalSection(ExtensibilityGlobals) = postSolution
		SolutionGuid = {535EF3E0-2093-4F36-A9E7-1FCE030F85DC}
	EndGlobalSection
EndGlobal
